// !$*UTF8*$!
{
	archiveVersion = 1;
	classes = {
	};
	objectVersion = 48;
	objects = {

/* Begin PBXBuildFile section */
		052BCC518BF25127D748F262 /* Pods_HereTests.framework in Frameworks */ = {isa = PBXBuildFile; fileRef = 46521DFB8B30D9408A6B157B /* Pods_HereTests.framework */; };
		61EB062BEA743699C9C2833B /* Pods_Here.framework in Frameworks */ = {isa = PBXBuildFile; fileRef = 3164C37CC1A8B2EDF9FDE4D0 /* Pods_Here.framework */; };
		C458C665200CD5BE0023E0AF /* AppDelegate.swift in Sources */ = {isa = PBXBuildFile; fileRef = C458C664200CD5BE0023E0AF /* AppDelegate.swift */; };
		C458C667200CD5BE0023E0AF /* MainVC.swift in Sources */ = {isa = PBXBuildFile; fileRef = C458C666200CD5BE0023E0AF /* MainVC.swift */; };
		C458C66A200CD5BE0023E0AF /* Main.storyboard in Resources */ = {isa = PBXBuildFile; fileRef = C458C668200CD5BE0023E0AF /* Main.storyboard */; };
		C458C66C200CD5BE0023E0AF /* Assets.xcassets in Resources */ = {isa = PBXBuildFile; fileRef = C458C66B200CD5BE0023E0AF /* Assets.xcassets */; };
		C458C66F200CD5BE0023E0AF /* LaunchScreen.storyboard in Resources */ = {isa = PBXBuildFile; fileRef = C458C66D200CD5BE0023E0AF /* LaunchScreen.storyboard */; };
		C458C67A200CD5BE0023E0AF /* HereTests.swift in Sources */ = {isa = PBXBuildFile; fileRef = C458C679200CD5BE0023E0AF /* HereTests.swift */; };
		C4C90A0F200CEE9E004321A5 /* FloatingPointExtension.swift in Sources */ = {isa = PBXBuildFile; fileRef = C4C90A0E200CEE9E004321A5 /* FloatingPointExtension.swift */; };
		C4C90A11200CEF99004321A5 /* StringToImagesExtension.swift in Sources */ = {isa = PBXBuildFile; fileRef = C4C90A10200CEF99004321A5 /* StringToImagesExtension.swift */; };
		C4C90A13200CF04C004321A5 /* art.scnassets in Resources */ = {isa = PBXBuildFile; fileRef = C4C90A12200CF04C004321A5 /* art.scnassets */; };
		C4C90A16200D0E29004321A5 /* GoogleService-Info.plist in Resources */ = {isa = PBXBuildFile; fileRef = C4C90A15200D0E29004321A5 /* GoogleService-Info.plist */; };
		C4C90A18200D0F11004321A5 /* Dataservices.swift in Sources */ = {isa = PBXBuildFile; fileRef = C4C90A17200D0F11004321A5 /* Dataservices.swift */; };
/* End PBXBuildFile section */

/* Begin PBXContainerItemProxy section */
		C458C676200CD5BE0023E0AF /* PBXContainerItemProxy */ = {
			isa = PBXContainerItemProxy;
			containerPortal = C458C659200CD5BE0023E0AF /* Project object */;
			proxyType = 1;
			remoteGlobalIDString = C458C660200CD5BE0023E0AF;
			remoteInfo = Here;
		};
/* End PBXContainerItemProxy section */

/* Begin PBXFileReference section */
		02DF6A82FF8C95E3FF1A9D3B /* Pods-Here.release.xcconfig */ = {isa = PBXFileReference; includeInIndex = 1; lastKnownFileType = text.xcconfig; name = "Pods-Here.release.xcconfig"; path = "Pods/Target Support Files/Pods-Here/Pods-Here.release.xcconfig"; sourceTree = "<group>"; };
		246C51F29E782D79E7B317C3 /* Pods-HereTests.debug.xcconfig */ = {isa = PBXFileReference; includeInIndex = 1; lastKnownFileType = text.xcconfig; name = "Pods-HereTests.debug.xcconfig"; path = "Pods/Target Support Files/Pods-HereTests/Pods-HereTests.debug.xcconfig"; sourceTree = "<group>"; };
		3164C37CC1A8B2EDF9FDE4D0 /* Pods_Here.framework */ = {isa = PBXFileReference; explicitFileType = wrapper.framework; includeInIndex = 0; path = Pods_Here.framework; sourceTree = BUILT_PRODUCTS_DIR; };
		46521DFB8B30D9408A6B157B /* Pods_HereTests.framework */ = {isa = PBXFileReference; explicitFileType = wrapper.framework; includeInIndex = 0; path = Pods_HereTests.framework; sourceTree = BUILT_PRODUCTS_DIR; };
		AFD9E6239370014586333252 /* Pods-Here.debug.xcconfig */ = {isa = PBXFileReference; includeInIndex = 1; lastKnownFileType = text.xcconfig; name = "Pods-Here.debug.xcconfig"; path = "Pods/Target Support Files/Pods-Here/Pods-Here.debug.xcconfig"; sourceTree = "<group>"; };
		C458C661200CD5BE0023E0AF /* Here.app */ = {isa = PBXFileReference; explicitFileType = wrapper.application; includeInIndex = 0; path = Here.app; sourceTree = BUILT_PRODUCTS_DIR; };
		C458C664200CD5BE0023E0AF /* AppDelegate.swift */ = {isa = PBXFileReference; lastKnownFileType = sourcecode.swift; path = AppDelegate.swift; sourceTree = "<group>"; };
		C458C666200CD5BE0023E0AF /* MainVC.swift */ = {isa = PBXFileReference; lastKnownFileType = sourcecode.swift; path = MainVC.swift; sourceTree = "<group>"; };
		C458C669200CD5BE0023E0AF /* Base */ = {isa = PBXFileReference; lastKnownFileType = file.storyboard; name = Base; path = Base.lproj/Main.storyboard; sourceTree = "<group>"; };
		C458C66B200CD5BE0023E0AF /* Assets.xcassets */ = {isa = PBXFileReference; lastKnownFileType = folder.assetcatalog; path = Assets.xcassets; sourceTree = "<group>"; };
		C458C66E200CD5BE0023E0AF /* Base */ = {isa = PBXFileReference; lastKnownFileType = file.storyboard; name = Base; path = Base.lproj/LaunchScreen.storyboard; sourceTree = "<group>"; };
		C458C670200CD5BE0023E0AF /* Info.plist */ = {isa = PBXFileReference; lastKnownFileType = text.plist.xml; path = Info.plist; sourceTree = "<group>"; };
		C458C675200CD5BE0023E0AF /* HereTests.xctest */ = {isa = PBXFileReference; explicitFileType = wrapper.cfbundle; includeInIndex = 0; path = HereTests.xctest; sourceTree = BUILT_PRODUCTS_DIR; };
		C458C679200CD5BE0023E0AF /* HereTests.swift */ = {isa = PBXFileReference; lastKnownFileType = sourcecode.swift; path = HereTests.swift; sourceTree = "<group>"; };
		C458C67B200CD5BE0023E0AF /* Info.plist */ = {isa = PBXFileReference; lastKnownFileType = text.plist.xml; path = Info.plist; sourceTree = "<group>"; };
		C4C90A0E200CEE9E004321A5 /* FloatingPointExtension.swift */ = {isa = PBXFileReference; lastKnownFileType = sourcecode.swift; path = FloatingPointExtension.swift; sourceTree = "<group>"; };
		C4C90A10200CEF99004321A5 /* StringToImagesExtension.swift */ = {isa = PBXFileReference; lastKnownFileType = sourcecode.swift; path = StringToImagesExtension.swift; sourceTree = "<group>"; };
		C4C90A12200CF04C004321A5 /* art.scnassets */ = {isa = PBXFileReference; lastKnownFileType = wrapper.scnassets; path = art.scnassets; sourceTree = "<group>"; };
		C4C90A15200D0E29004321A5 /* GoogleService-Info.plist */ = {isa = PBXFileReference; fileEncoding = 4; lastKnownFileType = text.plist.xml; path = "GoogleService-Info.plist"; sourceTree = "<group>"; };
		C4C90A17200D0F11004321A5 /* Dataservices.swift */ = {isa = PBXFileReference; lastKnownFileType = sourcecode.swift; path = Dataservices.swift; sourceTree = "<group>"; };
		EC873A373CDADFDE5D2A1BA1 /* Pods-HereTests.release.xcconfig */ = {isa = PBXFileReference; includeInIndex = 1; lastKnownFileType = text.xcconfig; name = "Pods-HereTests.release.xcconfig"; path = "Pods/Target Support Files/Pods-HereTests/Pods-HereTests.release.xcconfig"; sourceTree = "<group>"; };
/* End PBXFileReference section */

/* Begin PBXFrameworksBuildPhase section */
		C458C65E200CD5BE0023E0AF /* Frameworks */ = {
			isa = PBXFrameworksBuildPhase;
			buildActionMask = 2147483647;
			files = (
				61EB062BEA743699C9C2833B /* Pods_Here.framework in Frameworks */,
			);
			runOnlyForDeploymentPostprocessing = 0;
		};
		C458C672200CD5BE0023E0AF /* Frameworks */ = {
			isa = PBXFrameworksBuildPhase;
			buildActionMask = 2147483647;
			files = (
				052BCC518BF25127D748F262 /* Pods_HereTests.framework in Frameworks */,
			);
			runOnlyForDeploymentPostprocessing = 0;
		};
/* End PBXFrameworksBuildPhase section */

/* Begin PBXGroup section */
		1BFB98A994092978A405CD89 /* Pods */ = {
			isa = PBXGroup;
			children = (
				AFD9E6239370014586333252 /* Pods-Here.debug.xcconfig */,
				02DF6A82FF8C95E3FF1A9D3B /* Pods-Here.release.xcconfig */,
				246C51F29E782D79E7B317C3 /* Pods-HereTests.debug.xcconfig */,
				EC873A373CDADFDE5D2A1BA1 /* Pods-HereTests.release.xcconfig */,
			);
			name = Pods;
			sourceTree = "<group>";
		};
		65FE53A13DD6CC67DB432EF7 /* Frameworks */ = {
			isa = PBXGroup;
			children = (
				3164C37CC1A8B2EDF9FDE4D0 /* Pods_Here.framework */,
				46521DFB8B30D9408A6B157B /* Pods_HereTests.framework */,
			);
			name = Frameworks;
			sourceTree = "<group>";
		};
		C458C658200CD5BE0023E0AF = {
			isa = PBXGroup;
			children = (
				C458C663200CD5BE0023E0AF /* Here */,
				C458C678200CD5BE0023E0AF /* HereTests */,
				C458C662200CD5BE0023E0AF /* Products */,
				1BFB98A994092978A405CD89 /* Pods */,
				65FE53A13DD6CC67DB432EF7 /* Frameworks */,
			);
			sourceTree = "<group>";
		};
		C458C662200CD5BE0023E0AF /* Products */ = {
			isa = PBXGroup;
			children = (
				C458C661200CD5BE0023E0AF /* Here.app */,
				C458C675200CD5BE0023E0AF /* HereTests.xctest */,
			);
			name = Products;
			sourceTree = "<group>";
		};
		C458C663200CD5BE0023E0AF /* Here */ = {
			isa = PBXGroup;
			children = (
				C4C90A14200D0D6E004321A5 /* Services */,
				C4C90A0D200CEE76004321A5 /* Extensions */,
				C458C685200CD6F90023E0AF /* Controller */,
				C458C684200CD6EC0023E0AF /* Model */,
				C458C664200CD5BE0023E0AF /* AppDelegate.swift */,
				C458C668200CD5BE0023E0AF /* Main.storyboard */,
				C458C66B200CD5BE0023E0AF /* Assets.xcassets */,
				C458C66D200CD5BE0023E0AF /* LaunchScreen.storyboard */,
				C458C670200CD5BE0023E0AF /* Info.plist */,
				C4C90A15200D0E29004321A5 /* GoogleService-Info.plist */,
				C4C90A12200CF04C004321A5 /* art.scnassets */,
			);
			path = Here;
			sourceTree = "<group>";
		};
		C458C678200CD5BE0023E0AF /* HereTests */ = {
			isa = PBXGroup;
			children = (
				C458C679200CD5BE0023E0AF /* HereTests.swift */,
				C458C67B200CD5BE0023E0AF /* Info.plist */,
			);
			path = HereTests;
			sourceTree = "<group>";
		};
		C458C684200CD6EC0023E0AF /* Model */ = {
			isa = PBXGroup;
			children = (
			);
			path = Model;
			sourceTree = "<group>";
		};
		C458C685200CD6F90023E0AF /* Controller */ = {
			isa = PBXGroup;
			children = (
				C458C666200CD5BE0023E0AF /* MainVC.swift */,
			);
			name = Controller;
			path = "New Group";
			sourceTree = "<group>";
		};
		C4C90A0D200CEE76004321A5 /* Extensions */ = {
			isa = PBXGroup;
			children = (
				C4C90A0E200CEE9E004321A5 /* FloatingPointExtension.swift */,
				C4C90A10200CEF99004321A5 /* StringToImagesExtension.swift */,
			);
			path = Extensions;
			sourceTree = "<group>";
		};
		C4C90A14200D0D6E004321A5 /* Services */ = {
			isa = PBXGroup;
			children = (
				C4C90A17200D0F11004321A5 /* Dataservices.swift */,
			);
			path = Services;
			sourceTree = "<group>";
		};
/* End PBXGroup section */

/* Begin PBXNativeTarget section */
		C458C660200CD5BE0023E0AF /* Here */ = {
			isa = PBXNativeTarget;
			buildConfigurationList = C458C67E200CD5BE0023E0AF /* Build configuration list for PBXNativeTarget "Here" */;
			buildPhases = (
				4E364AC44B93D9375340A9FA /* [CP] Check Pods Manifest.lock */,
				C458C65D200CD5BE0023E0AF /* Sources */,
				C458C65E200CD5BE0023E0AF /* Frameworks */,
				C458C65F200CD5BE0023E0AF /* Resources */,
				DF86972D8B280D0C24DAE233 /* [CP] Embed Pods Frameworks */,
				0C9DA8D96B694F11F2F97807 /* [CP] Copy Pods Resources */,
			);
			buildRules = (
			);
			dependencies = (
			);
			name = Here;
			productName = Here;
			productReference = C458C661200CD5BE0023E0AF /* Here.app */;
			productType = "com.apple.product-type.application";
		};
		C458C674200CD5BE0023E0AF /* HereTests */ = {
			isa = PBXNativeTarget;
			buildConfigurationList = C458C681200CD5BE0023E0AF /* Build configuration list for PBXNativeTarget "HereTests" */;
			buildPhases = (
				D2BB9E8F597249EBCE5D0758 /* [CP] Check Pods Manifest.lock */,
				C458C671200CD5BE0023E0AF /* Sources */,
				C458C672200CD5BE0023E0AF /* Frameworks */,
				C458C673200CD5BE0023E0AF /* Resources */,
				4935B57523141A7ABCCFFEA4 /* [CP] Embed Pods Frameworks */,
				9947CD9CB1E23CAC84BFA780 /* [CP] Copy Pods Resources */,
			);
			buildRules = (
			);
			dependencies = (
				C458C677200CD5BE0023E0AF /* PBXTargetDependency */,
			);
			name = HereTests;
			productName = HereTests;
			productReference = C458C675200CD5BE0023E0AF /* HereTests.xctest */;
			productType = "com.apple.product-type.bundle.unit-test";
		};
/* End PBXNativeTarget section */

/* Begin PBXProject section */
		C458C659200CD5BE0023E0AF /* Project object */ = {
			isa = PBXProject;
			attributes = {
				LastSwiftUpdateCheck = 0920;
				LastUpgradeCheck = 0920;
				ORGANIZATIONNAME = "robin ustarroz";
				TargetAttributes = {
					C458C660200CD5BE0023E0AF = {
						CreatedOnToolsVersion = 9.2;
						ProvisioningStyle = Automatic;
					};
					C458C674200CD5BE0023E0AF = {
						CreatedOnToolsVersion = 9.2;
						ProvisioningStyle = Automatic;
						TestTargetID = C458C660200CD5BE0023E0AF;
					};
				};
			};
			buildConfigurationList = C458C65C200CD5BE0023E0AF /* Build configuration list for PBXProject "Here" */;
			compatibilityVersion = "Xcode 8.0";
			developmentRegion = en;
			hasScannedForEncodings = 0;
			knownRegions = (
				en,
				Base,
			);
			mainGroup = C458C658200CD5BE0023E0AF;
			productRefGroup = C458C662200CD5BE0023E0AF /* Products */;
			projectDirPath = "";
			projectRoot = "";
			targets = (
				C458C660200CD5BE0023E0AF /* Here */,
				C458C674200CD5BE0023E0AF /* HereTests */,
			);
		};
/* End PBXProject section */

/* Begin PBXResourcesBuildPhase section */
		C458C65F200CD5BE0023E0AF /* Resources */ = {
			isa = PBXResourcesBuildPhase;
			buildActionMask = 2147483647;
			files = (
				C458C66F200CD5BE0023E0AF /* LaunchScreen.storyboard in Resources */,
				C4C90A13200CF04C004321A5 /* art.scnassets in Resources */,
				C4C90A16200D0E29004321A5 /* GoogleService-Info.plist in Resources */,
				C458C66C200CD5BE0023E0AF /* Assets.xcassets in Resources */,
				C458C66A200CD5BE0023E0AF /* Main.storyboard in Resources */,
			);
			runOnlyForDeploymentPostprocessing = 0;
		};
		C458C673200CD5BE0023E0AF /* Resources */ = {
			isa = PBXResourcesBuildPhase;
			buildActionMask = 2147483647;
			files = (
			);
			runOnlyForDeploymentPostprocessing = 0;
		};
/* End PBXResourcesBuildPhase section */

/* Begin PBXShellScriptBuildPhase section */
		0C9DA8D96B694F11F2F97807 /* [CP] Copy Pods Resources */ = {
			isa = PBXShellScriptBuildPhase;
			buildActionMask = 2147483647;
			files = (
			);
			inputPaths = (
			);
			name = "[CP] Copy Pods Resources";
			outputPaths = (
			);
			runOnlyForDeploymentPostprocessing = 0;
			shellPath = /bin/sh;
			shellScript = "\"${SRCROOT}/Pods/Target Support Files/Pods-Here/Pods-Here-resources.sh\"\n";
			showEnvVarsInLog = 0;
		};
		4935B57523141A7ABCCFFEA4 /* [CP] Embed Pods Frameworks */ = {
			isa = PBXShellScriptBuildPhase;
			buildActionMask = 2147483647;
			files = (
			);
			inputPaths = (
			);
			name = "[CP] Embed Pods Frameworks";
			outputPaths = (
			);
			runOnlyForDeploymentPostprocessing = 0;
			shellPath = /bin/sh;
			shellScript = "\"${SRCROOT}/Pods/Target Support Files/Pods-HereTests/Pods-HereTests-frameworks.sh\"\n";
			showEnvVarsInLog = 0;
		};
		4E364AC44B93D9375340A9FA /* [CP] Check Pods Manifest.lock */ = {
			isa = PBXShellScriptBuildPhase;
			buildActionMask = 2147483647;
			files = (
			);
			inputPaths = (
				"${PODS_PODFILE_DIR_PATH}/Podfile.lock",
				"${PODS_ROOT}/Manifest.lock",
			);
			name = "[CP] Check Pods Manifest.lock";
			outputPaths = (
				"$(DERIVED_FILE_DIR)/Pods-Here-checkManifestLockResult.txt",
			);
			runOnlyForDeploymentPostprocessing = 0;
			shellPath = /bin/sh;
			shellScript = "diff \"${PODS_PODFILE_DIR_PATH}/Podfile.lock\" \"${PODS_ROOT}/Manifest.lock\" > /dev/null\nif [ $? != 0 ] ; then\n    # print error to STDERR\n    echo \"error: The sandbox is not in sync with the Podfile.lock. Run 'pod install' or update your CocoaPods installation.\" >&2\n    exit 1\nfi\n# This output is used by Xcode 'outputs' to avoid re-running this script phase.\necho \"SUCCESS\" > \"${SCRIPT_OUTPUT_FILE_0}\"\n";
			showEnvVarsInLog = 0;
		};
		9947CD9CB1E23CAC84BFA780 /* [CP] Copy Pods Resources */ = {
			isa = PBXShellScriptBuildPhase;
			buildActionMask = 2147483647;
			files = (
			);
			inputPaths = (
			);
			name = "[CP] Copy Pods Resources";
			outputPaths = (
			);
			runOnlyForDeploymentPostprocessing = 0;
			shellPath = /bin/sh;
			shellScript = "\"${SRCROOT}/Pods/Target Support Files/Pods-HereTests/Pods-HereTests-resources.sh\"\n";
			showEnvVarsInLog = 0;
		};
		D2BB9E8F597249EBCE5D0758 /* [CP] Check Pods Manifest.lock */ = {
			isa = PBXShellScriptBuildPhase;
			buildActionMask = 2147483647;
			files = (
			);
			inputPaths = (
				"${PODS_PODFILE_DIR_PATH}/Podfile.lock",
				"${PODS_ROOT}/Manifest.lock",
			);
			name = "[CP] Check Pods Manifest.lock";
			outputPaths = (
				"$(DERIVED_FILE_DIR)/Pods-HereTests-checkManifestLockResult.txt",
			);
			runOnlyForDeploymentPostprocessing = 0;
			shellPath = /bin/sh;
			shellScript = "diff \"${PODS_PODFILE_DIR_PATH}/Podfile.lock\" \"${PODS_ROOT}/Manifest.lock\" > /dev/null\nif [ $? != 0 ] ; then\n    # print error to STDERR\n    echo \"error: The sandbox is not in sync with the Podfile.lock. Run 'pod install' or update your CocoaPods installation.\" >&2\n    exit 1\nfi\n# This output is used by Xcode 'outputs' to avoid re-running this script phase.\necho \"SUCCESS\" > \"${SCRIPT_OUTPUT_FILE_0}\"\n";
			showEnvVarsInLog = 0;
		};
		DF86972D8B280D0C24DAE233 /* [CP] Embed Pods Frameworks */ = {
			isa = PBXShellScriptBuildPhase;
			buildActionMask = 2147483647;
			files = (
			);
			inputPaths = (
				"${SRCROOT}/Pods/Target Support Files/Pods-Here/Pods-Here-frameworks.sh",
				"${BUILT_PRODUCTS_DIR}/GTMSessionFetcher/GTMSessionFetcher.framework",
				"${BUILT_PRODUCTS_DIR}/GoogleToolboxForMac/GoogleToolboxForMac.framework",
				"${BUILT_PRODUCTS_DIR}/Protobuf/Protobuf.framework",
				"${BUILT_PRODUCTS_DIR}/PusherSwift/PusherSwift.framework",
				"${BUILT_PRODUCTS_DIR}/leveldb-library/leveldb.framework",
				"${BUILT_PRODUCTS_DIR}/nanopb/nanopb.framework",
			);
			name = "[CP] Embed Pods Frameworks";
			outputPaths = (
				"${TARGET_BUILD_DIR}/${FRAMEWORKS_FOLDER_PATH}/GTMSessionFetcher.framework",
				"${TARGET_BUILD_DIR}/${FRAMEWORKS_FOLDER_PATH}/GoogleToolboxForMac.framework",
				"${TARGET_BUILD_DIR}/${FRAMEWORKS_FOLDER_PATH}/Protobuf.framework",
				"${TARGET_BUILD_DIR}/${FRAMEWORKS_FOLDER_PATH}/PusherSwift.framework",
				"${TARGET_BUILD_DIR}/${FRAMEWORKS_FOLDER_PATH}/leveldb.framework",
				"${TARGET_BUILD_DIR}/${FRAMEWORKS_FOLDER_PATH}/nanopb.framework",
			);
			runOnlyForDeploymentPostprocessing = 0;
			shellPath = /bin/sh;
			shellScript = "\"${SRCROOT}/Pods/Target Support Files/Pods-Here/Pods-Here-frameworks.sh\"\n";
			showEnvVarsInLog = 0;
		};
/* End PBXShellScriptBuildPhase section */

/* Begin PBXSourcesBuildPhase section */
		C458C65D200CD5BE0023E0AF /* Sources */ = {
			isa = PBXSourcesBuildPhase;
			buildActionMask = 2147483647;
			files = (
				C458C667200CD5BE0023E0AF /* MainVC.swift in Sources */,
				C4C90A11200CEF99004321A5 /* StringToImagesExtension.swift in Sources */,
				C458C665200CD5BE0023E0AF /* AppDelegate.swift in Sources */,
				C4C90A0F200CEE9E004321A5 /* FloatingPointExtension.swift in Sources */,
				C4C90A18200D0F11004321A5 /* Dataservices.swift in Sources */,
			);
			runOnlyForDeploymentPostprocessing = 0;
		};
		C458C671200CD5BE0023E0AF /* Sources */ = {
			isa = PBXSourcesBuildPhase;
			buildActionMask = 2147483647;
			files = (
				C458C67A200CD5BE0023E0AF /* HereTests.swift in Sources */,
			);
			runOnlyForDeploymentPostprocessing = 0;
		};
/* End PBXSourcesBuildPhase section */

/* Begin PBXTargetDependency section */
		C458C677200CD5BE0023E0AF /* PBXTargetDependency */ = {
			isa = PBXTargetDependency;
			target = C458C660200CD5BE0023E0AF /* Here */;
			targetProxy = C458C676200CD5BE0023E0AF /* PBXContainerItemProxy */;
		};
/* End PBXTargetDependency section */

/* Begin PBXVariantGroup section */
		C458C668200CD5BE0023E0AF /* Main.storyboard */ = {
			isa = PBXVariantGroup;
			children = (
				C458C669200CD5BE0023E0AF /* Base */,
			);
			name = Main.storyboard;
			sourceTree = "<group>";
		};
		C458C66D200CD5BE0023E0AF /* LaunchScreen.storyboard */ = {
			isa = PBXVariantGroup;
			children = (
				C458C66E200CD5BE0023E0AF /* Base */,
			);
			name = LaunchScreen.storyboard;
			sourceTree = "<group>";
		};
/* End PBXVariantGroup section */

/* Begin XCBuildConfiguration section */
		C458C67C200CD5BE0023E0AF /* Debug */ = {
			isa = XCBuildConfiguration;
			buildSettings = {
				ALWAYS_SEARCH_USER_PATHS = NO;
				CLANG_ANALYZER_NONNULL = YES;
				CLANG_ANALYZER_NUMBER_OBJECT_CONVERSION = YES_AGGRESSIVE;
				CLANG_CXX_LANGUAGE_STANDARD = "gnu++14";
				CLANG_CXX_LIBRARY = "libc++";
				CLANG_ENABLE_MODULES = YES;
				CLANG_ENABLE_OBJC_ARC = YES;
				CLANG_WARN_BLOCK_CAPTURE_AUTORELEASING = YES;
				CLANG_WARN_BOOL_CONVERSION = YES;
				CLANG_WARN_COMMA = YES;
				CLANG_WARN_CONSTANT_CONVERSION = YES;
				CLANG_WARN_DIRECT_OBJC_ISA_USAGE = YES_ERROR;
				CLANG_WARN_DOCUMENTATION_COMMENTS = YES;
				CLANG_WARN_EMPTY_BODY = YES;
				CLANG_WARN_ENUM_CONVERSION = YES;
				CLANG_WARN_INFINITE_RECURSION = YES;
				CLANG_WARN_INT_CONVERSION = YES;
				CLANG_WARN_NON_LITERAL_NULL_CONVERSION = YES;
				CLANG_WARN_OBJC_LITERAL_CONVERSION = YES;
				CLANG_WARN_OBJC_ROOT_CLASS = YES_ERROR;
				CLANG_WARN_RANGE_LOOP_ANALYSIS = YES;
				CLANG_WARN_STRICT_PROTOTYPES = YES;
				CLANG_WARN_SUSPICIOUS_MOVE = YES;
				CLANG_WARN_UNGUARDED_AVAILABILITY = YES_AGGRESSIVE;
				CLANG_WARN_UNREACHABLE_CODE = YES;
				CLANG_WARN__DUPLICATE_METHOD_MATCH = YES;
				CODE_SIGN_IDENTITY = "iPhone Developer";
				COPY_PHASE_STRIP = NO;
				DEBUG_INFORMATION_FORMAT = dwarf;
				ENABLE_STRICT_OBJC_MSGSEND = YES;
				ENABLE_TESTABILITY = YES;
				GCC_C_LANGUAGE_STANDARD = gnu11;
				GCC_DYNAMIC_NO_PIC = NO;
				GCC_NO_COMMON_BLOCKS = YES;
				GCC_OPTIMIZATION_LEVEL = 0;
				GCC_PREPROCESSOR_DEFINITIONS = (
					"DEBUG=1",
					"$(inherited)",
				);
				GCC_WARN_64_TO_32_BIT_CONVERSION = YES;
				GCC_WARN_ABOUT_RETURN_TYPE = YES_ERROR;
				GCC_WARN_UNDECLARED_SELECTOR = YES;
				GCC_WARN_UNINITIALIZED_AUTOS = YES_AGGRESSIVE;
				GCC_WARN_UNUSED_FUNCTION = YES;
				GCC_WARN_UNUSED_VARIABLE = YES;
				IPHONEOS_DEPLOYMENT_TARGET = 11.2;
				MTL_ENABLE_DEBUG_INFO = YES;
				ONLY_ACTIVE_ARCH = YES;
				SDKROOT = iphoneos;
				SWIFT_ACTIVE_COMPILATION_CONDITIONS = DEBUG;
				SWIFT_OPTIMIZATION_LEVEL = "-Onone";
			};
			name = Debug;
		};
		C458C67D200CD5BE0023E0AF /* Release */ = {
			isa = XCBuildConfiguration;
			buildSettings = {
				ALWAYS_SEARCH_USER_PATHS = NO;
				CLANG_ANALYZER_NONNULL = YES;
				CLANG_ANALYZER_NUMBER_OBJECT_CONVERSION = YES_AGGRESSIVE;
				CLANG_CXX_LANGUAGE_STANDARD = "gnu++14";
				CLANG_CXX_LIBRARY = "libc++";
				CLANG_ENABLE_MODULES = YES;
				CLANG_ENABLE_OBJC_ARC = YES;
				CLANG_WARN_BLOCK_CAPTURE_AUTORELEASING = YES;
				CLANG_WARN_BOOL_CONVERSION = YES;
				CLANG_WARN_COMMA = YES;
				CLANG_WARN_CONSTANT_CONVERSION = YES;
				CLANG_WARN_DIRECT_OBJC_ISA_USAGE = YES_ERROR;
				CLANG_WARN_DOCUMENTATION_COMMENTS = YES;
				CLANG_WARN_EMPTY_BODY = YES;
				CLANG_WARN_ENUM_CONVERSION = YES;
				CLANG_WARN_INFINITE_RECURSION = YES;
				CLANG_WARN_INT_CONVERSION = YES;
				CLANG_WARN_NON_LITERAL_NULL_CONVERSION = YES;
				CLANG_WARN_OBJC_LITERAL_CONVERSION = YES;
				CLANG_WARN_OBJC_ROOT_CLASS = YES_ERROR;
				CLANG_WARN_RANGE_LOOP_ANALYSIS = YES;
				CLANG_WARN_STRICT_PROTOTYPES = YES;
				CLANG_WARN_SUSPICIOUS_MOVE = YES;
				CLANG_WARN_UNGUARDED_AVAILABILITY = YES_AGGRESSIVE;
				CLANG_WARN_UNREACHABLE_CODE = YES;
				CLANG_WARN__DUPLICATE_METHOD_MATCH = YES;
				CODE_SIGN_IDENTITY = "iPhone Developer";
				COPY_PHASE_STRIP = NO;
				DEBUG_INFORMATION_FORMAT = "dwarf-with-dsym";
				ENABLE_NS_ASSERTIONS = NO;
				ENABLE_STRICT_OBJC_MSGSEND = YES;
				GCC_C_LANGUAGE_STANDARD = gnu11;
				GCC_NO_COMMON_BLOCKS = YES;
				GCC_WARN_64_TO_32_BIT_CONVERSION = YES;
				GCC_WARN_ABOUT_RETURN_TYPE = YES_ERROR;
				GCC_WARN_UNDECLARED_SELECTOR = YES;
				GCC_WARN_UNINITIALIZED_AUTOS = YES_AGGRESSIVE;
				GCC_WARN_UNUSED_FUNCTION = YES;
				GCC_WARN_UNUSED_VARIABLE = YES;
				IPHONEOS_DEPLOYMENT_TARGET = 11.2;
				MTL_ENABLE_DEBUG_INFO = NO;
				SDKROOT = iphoneos;
				SWIFT_OPTIMIZATION_LEVEL = "-Owholemodule";
				VALIDATE_PRODUCT = YES;
			};
			name = Release;
		};
		C458C67F200CD5BE0023E0AF /* Debug */ = {
			isa = XCBuildConfiguration;
			baseConfigurationReference = AFD9E6239370014586333252 /* Pods-Here.debug.xcconfig */;
			buildSettings = {
				ASSETCATALOG_COMPILER_APPICON_NAME = AppIcon;
				CODE_SIGN_STYLE = Automatic;
				DEVELOPMENT_TEAM = ZKTAG8422V;
				INFOPLIST_FILE = Here/Info.plist;
				LD_RUNPATH_SEARCH_PATHS = "$(inherited) @executable_path/Frameworks";
				PRODUCT_BUNDLE_IDENTIFIER = "robin.Here-innovation";
				PRODUCT_NAME = "$(TARGET_NAME)";
				SWIFT_VERSION = 4.0;
				TARGETED_DEVICE_FAMILY = "1,2";
			};
			name = Debug;
		};
		C458C680200CD5BE0023E0AF /* Release */ = {
			isa = XCBuildConfiguration;
			baseConfigurationReference = 02DF6A82FF8C95E3FF1A9D3B /* Pods-Here.release.xcconfig */;
			buildSettings = {
				ASSETCATALOG_COMPILER_APPICON_NAME = AppIcon;
				CODE_SIGN_STYLE = Automatic;
				DEVELOPMENT_TEAM = ZKTAG8422V;
				INFOPLIST_FILE = Here/Info.plist;
				LD_RUNPATH_SEARCH_PATHS = "$(inherited) @executable_path/Frameworks";
				PRODUCT_BUNDLE_IDENTIFIER = "robin.Here-innovation";
				PRODUCT_NAME = "$(TARGET_NAME)";
				SWIFT_VERSION = 4.0;
				TARGETED_DEVICE_FAMILY = "1,2";
			};
			name = Release;
		};
		C458C682200CD5BE0023E0AF /* Debug */ = {
			isa = XCBuildConfiguration;
			baseConfigurationReference = 246C51F29E782D79E7B317C3 /* Pods-HereTests.debug.xcconfig */;
			buildSettings = {
				ALWAYS_EMBED_SWIFT_STANDARD_LIBRARIES = YES;
				BUNDLE_LOADER = "$(TEST_HOST)";
				CODE_SIGN_STYLE = Automatic;
				DEVELOPMENT_TEAM = ZKTAG8422V;
				INFOPLIST_FILE = HereTests/Info.plist;
				LD_RUNPATH_SEARCH_PATHS = "$(inherited) @executable_path/Frameworks @loader_path/Frameworks";
				PRODUCT_BUNDLE_IDENTIFIER = robin.HereTests;
				PRODUCT_NAME = "$(TARGET_NAME)";
				SWIFT_VERSION = 4.0;
				TARGETED_DEVICE_FAMILY = "1,2";
				TEST_HOST = "$(BUILT_PRODUCTS_DIR)/Here.app/Here";
			};
			name = Debug;
		};
		C458C683200CD5BE0023E0AF /* Release */ = {
			isa = XCBuildConfiguration;
			baseConfigurationReference = EC873A373CDADFDE5D2A1BA1 /* Pods-HereTests.release.xcconfig */;
			buildSettings = {
				ALWAYS_EMBED_SWIFT_STANDARD_LIBRARIES = YES;
				BUNDLE_LOADER = "$(TEST_HOST)";
				CODE_SIGN_STYLE = Automatic;
				DEVELOPMENT_TEAM = ZKTAG8422V;
				INFOPLIST_FILE = HereTests/Info.plist;
				LD_RUNPATH_SEARCH_PATHS = "$(inherited) @executable_path/Frameworks @loader_path/Frameworks";
				PRODUCT_BUNDLE_IDENTIFIER = robin.HereTests;
				PRODUCT_NAME = "$(TARGET_NAME)";
				SWIFT_VERSION = 4.0;
				TARGETED_DEVICE_FAMILY = "1,2";
				TEST_HOST = "$(BUILT_PRODUCTS_DIR)/Here.app/Here";
			};
			name = Release;
		};
/* End XCBuildConfiguration section */

/* Begin XCConfigurationList section */
		C458C65C200CD5BE0023E0AF /* Build configuration list for PBXProject "Here" */ = {
			isa = XCConfigurationList;
			buildConfigurations = (
				C458C67C200CD5BE0023E0AF /* Debug */,
				C458C67D200CD5BE0023E0AF /* Release */,
			);
			defaultConfigurationIsVisible = 0;
			defaultConfigurationName = Release;
		};
		C458C67E200CD5BE0023E0AF /* Build configuration list for PBXNativeTarget "Here" */ = {
			isa = XCConfigurationList;
			buildConfigurations = (
				C458C67F200CD5BE0023E0AF /* Debug */,
				C458C680200CD5BE0023E0AF /* Release */,
			);
			defaultConfigurationIsVisible = 0;
			defaultConfigurationName = Release;
		};
		C458C681200CD5BE0023E0AF /* Build configuration list for PBXNativeTarget "HereTests" */ = {
			isa = XCConfigurationList;
			buildConfigurations = (
				C458C682200CD5BE0023E0AF /* Debug */,
				C458C683200CD5BE0023E0AF /* Release */,
			);
			defaultConfigurationIsVisible = 0;
			defaultConfigurationName = Release;
		};
/* End XCConfigurationList section */
	};
	rootObject = C458C659200CD5BE0023E0AF /* Project object */;
}
